
Microsoft Visual Studio Solution File, Format Version 12.00
# Visual Studio Version 17
VisualStudioVersion = 17.0.31903.59
MinimumVisualStudioVersion = 10.0.40219.1
Project("{FAE04EC0-301F-11D3-BF4B-00C04F79EFBC}") = "ConsoleApp1", "ConsoleApp1\ConsoleApp1.csproj", "{82CC84A5-17B9-4F7A-9BC5-2A3AF9CF30B2}"
EndProject
Project("{FAE04EC0-301F-11D3-BF4B-00C04F79EFBC}") = "Exercise1Week1", "Exercise1Week1\Exercise1Week1.csproj", "{CCAB63DF-1914-432F-96AD-E9E1A5845CCD}"
EndProject
Project("{FAE04EC0-301F-11D3-BF4B-00C04F79EFBC}") = "Exercise2Week1", "Exercise2Week1\Exercise2Week1.csproj", "{001B3E4E-48DE-42FC-AFD6-B82D416A1A8E}"
EndProject
Project("{FAE04EC0-301F-11D3-BF4B-00C04F79EFBC}") = "Exercise3Week1", "Exercise3Week1\Exercise3Week1.csproj", "{3B33158E-14DB-4BD4-A270-6414FD938EFE}"
EndProject
Global
	GlobalSection(SolutionConfigurationPlatforms) = preSolution
		Debug|Any CPU = Debug|Any CPU
		Release|Any CPU = Release|Any CPU
	EndGlobalSection
	GlobalSection(ProjectConfigurationPlatforms) = postSolution
		{82CC84A5-17B9-4F7A-9BC5-2A3AF9CF30B2}.Debug|Any CPU.ActiveCfg = Debug|Any CPU
		{82CC84A5-17B9-4F7A-9BC5-2A3AF9CF30B2}.Debug|Any CPU.Build.0 = Debug|Any CPU
		{82CC84A5-17B9-4F7A-9BC5-2A3AF9CF30B2}.Release|Any CPU.ActiveCfg = Release|Any CPU
		{82CC84A5-17B9-4F7A-9BC5-2A3AF9CF30B2}.Release|Any CPU.Build.0 = Release|Any CPU
		{CCAB63DF-1914-432F-96AD-E9E1A5845CCD}.Debug|Any CPU.ActiveCfg = Debug|Any CPU
		{CCAB63DF-1914-432F-96AD-E9E1A5845CCD}.Debug|Any CPU.Build.0 = Debug|Any CPU
		{CCAB63DF-1914-432F-96AD-E9E1A5845CCD}.Release|Any CPU.ActiveCfg = Release|Any CPU
		{CCAB63DF-1914-432F-96AD-E9E1A5845CCD}.Release|Any CPU.Build.0 = Release|Any CPU
		{001B3E4E-48DE-42FC-AFD6-B82D416A1A8E}.Debug|Any CPU.ActiveCfg = Debug|Any CPU
		{001B3E4E-48DE-42FC-AFD6-B82D416A1A8E}.Debug|Any CPU.Build.0 = Debug|Any CPU
		{001B3E4E-48DE-42FC-AFD6-B82D416A1A8E}.Release|Any CPU.ActiveCfg = Release|Any CPU
		{001B3E4E-48DE-42FC-AFD6-B82D416A1A8E}.Release|Any CPU.Build.0 = Release|Any CPU
		{3B33158E-14DB-4BD4-A270-6414FD938EFE}.Debug|Any CPU.ActiveCfg = Debug|Any CPU
		{3B33158E-14DB-4BD4-A270-6414FD938EFE}.Debug|Any CPU.Build.0 = Debug|Any CPU
		{3B33158E-14DB-4BD4-A270-6414FD938EFE}.Release|Any CPU.ActiveCfg = Release|Any CPU
		{3B33158E-14DB-4BD4-A270-6414FD938EFE}.Release|Any CPU.Build.0 = Release|Any CPU
	EndGlobalSection
	GlobalSection(SolutionProperties) = preSolution
		HideSolutionNode = FALSE
	EndGlobalSection
EndGlobal
