
Microsoft Visual Studio Solution File, Format Version 12.00
# Visual Studio Version 17
VisualStudioVersion = 17.0.31903.59
MinimumVisualStudioVersion = 10.0.40219.1
Project("{FAE04EC0-301F-11D3-BF4B-00C04F79EFBC}") = "ConsoleApp1", "ConsoleApp1\ConsoleApp1.csproj", "{82CC84A5-17B9-4F7A-9BC5-2A3AF9CF30B2}"
EndProject
Project("{FAE04EC0-301F-11D3-BF4B-00C04F79EFBC}") = "Exercise1Week1", "Exercise1Week1\Exercise1Week1.csproj", "{CCAB63DF-1914-432F-96AD-E9E1A5845CCD}"
EndProject
Project("{FAE04EC0-301F-11D3-BF4B-00C04F79EFBC}") = "Exercise2Week1", "Exercise2Week1\Exercise2Week1.csproj", "{001B3E4E-48DE-42FC-AFD6-B82D416A1A8E}"
EndProject
Project("{FAE04EC0-301F-11D3-BF4B-00C04F79EFBC}") = "Exercise3Week1", "Exercise3Week1\Exercise3Week1.csproj", "{3B33158E-14DB-4BD4-A270-6414FD938EFE}"
EndProject
Project("{FAE04EC0-301F-11D3-BF4B-00C04F79EFBC}") = "Exercise4Week1", "Exercise4Week1\Exercise4Week1.csproj", "{9E0F3645-573D-4097-BEF9-762DBADEBA9F}"
EndProject
Project("{FAE04EC0-301F-11D3-BF4B-00C04F79EFBC}") = "Exercise5Week1", "Exercise5Week1\Exercise5Week1.csproj", "{B2F824FA-2B5B-48D9-BF98-AFAE767E02D5}"
EndProject
Project("{FAE04EC0-301F-11D3-BF4B-00C04F79EFBC}") = "Exercise1Week2", "Exercise1Week2\Exercise1Week2.csproj", "{D82707FB-D127-4564-9104-96A66B931297}"
EndProject
Project("{FAE04EC0-301F-11D3-BF4B-00C04F79EFBC}") = "Exercise3Week2", "Exercise3Week2\Exercise3Week2.csproj", "{92AF3DF1-CC01-4101-8AF9-3584CF85D9B1}"
EndProject
Project("{FAE04EC0-301F-11D3-BF4B-00C04F79EFBC}") = "Exercise4Week2", "Exercise4Week2\Exercise4Week2.csproj", "{8D7F89CF-BC4A-491F-8615-B6A0A19D25C2}"
EndProject
Project("{FAE04EC0-301F-11D3-BF4B-00C04F79EFBC}") = "Exercise5Week2", "Exercise5Week2\Exercise5Week2.csproj", "{BAAED94D-2124-4933-8C9F-D49829E3006A}"
EndProject
Project("{FAE04EC0-301F-11D3-BF4B-00C04F79EFBC}") = "Exercise1Week3", "Exercise1Week3\Exercise1Week3.csproj", "{AEA47BD7-004D-411C-B90A-E8A87E26BB78}"
EndProject
Project("{FAE04EC0-301F-11D3-BF4B-00C04F79EFBC}") = "Exercise2Week3", "Exercise2Week3\Exercise2Week3.csproj", "{D1AAA5DF-CC83-4B83-AE6A-732F42E2DE99}"
EndProject
Project("{FAE04EC0-301F-11D3-BF4B-00C04F79EFBC}") = "Exercise3Week3", "Exercise3Week3\Exercise3Week3.csproj", "{C453A2D2-511E-4D97-B3B8-2E72F9B8563A}"
EndProject
Project("{FAE04EC0-301F-11D3-BF4B-00C04F79EFBC}") = "Exercise4Week3", "Exercise4Week3\Exercise4Week3.csproj", "{875B69A8-D677-40C0-878F-B92A79592DFD}"
EndProject
Project("{FAE04EC0-301F-11D3-BF4B-00C04F79EFBC}") = "Exercise5Week3", "Exercise5Week3\Exercise5Week3.csproj", "{06F3B375-1670-4FBA-8DD6-549AB5D7B0FF}"
EndProject
Project("{FAE04EC0-301F-11D3-BF4B-00C04F79EFBC}") = "Exercise1Week4", "Exercise1Week4\Exercise1Week4.csproj", "{1C4A60E0-BD9A-495B-A76B-58FE462637F5}"
EndProject
Project("{FAE04EC0-301F-11D3-BF4B-00C04F79EFBC}") = "Exercise2Week4", "Exercise2Week4\Exercise2Week4.csproj", "{3E1011C8-5ECF-4CB4-BB25-930E92E199CE}"
EndProject
Project("{FAE04EC0-301F-11D3-BF4B-00C04F79EFBC}") = "Exercise3Week4", "Exercise3Week4\Exercise3Week4.csproj", "{5353C077-42E3-4E23-8D15-09B0658BCEC4}"
EndProject
Project("{FAE04EC0-301F-11D3-BF4B-00C04F79EFBC}") = "Exercise4Week4", "Exercise4Week4\Exercise4Week4.csproj", "{B3ABF251-DA02-414D-8B01-153C84D28A60}"
EndProject
Global
	GlobalSection(SolutionConfigurationPlatforms) = preSolution
		Debug|Any CPU = Debug|Any CPU
		Debug|x64 = Debug|x64
		Debug|x86 = Debug|x86
		Release|Any CPU = Release|Any CPU
		Release|x64 = Release|x64
		Release|x86 = Release|x86
	EndGlobalSection
	GlobalSection(ProjectConfigurationPlatforms) = postSolution
		{82CC84A5-17B9-4F7A-9BC5-2A3AF9CF30B2}.Debug|Any CPU.ActiveCfg = Debug|Any CPU
		{82CC84A5-17B9-4F7A-9BC5-2A3AF9CF30B2}.Debug|Any CPU.Build.0 = Debug|Any CPU
		{82CC84A5-17B9-4F7A-9BC5-2A3AF9CF30B2}.Debug|x64.ActiveCfg = Debug|Any CPU
		{82CC84A5-17B9-4F7A-9BC5-2A3AF9CF30B2}.Debug|x64.Build.0 = Debug|Any CPU
		{82CC84A5-17B9-4F7A-9BC5-2A3AF9CF30B2}.Debug|x86.ActiveCfg = Debug|Any CPU
		{82CC84A5-17B9-4F7A-9BC5-2A3AF9CF30B2}.Debug|x86.Build.0 = Debug|Any CPU
		{82CC84A5-17B9-4F7A-9BC5-2A3AF9CF30B2}.Release|Any CPU.ActiveCfg = Release|Any CPU
		{82CC84A5-17B9-4F7A-9BC5-2A3AF9CF30B2}.Release|Any CPU.Build.0 = Release|Any CPU
		{82CC84A5-17B9-4F7A-9BC5-2A3AF9CF30B2}.Release|x64.ActiveCfg = Release|Any CPU
		{82CC84A5-17B9-4F7A-9BC5-2A3AF9CF30B2}.Release|x64.Build.0 = Release|Any CPU
		{82CC84A5-17B9-4F7A-9BC5-2A3AF9CF30B2}.Release|x86.ActiveCfg = Release|Any CPU
		{82CC84A5-17B9-4F7A-9BC5-2A3AF9CF30B2}.Release|x86.Build.0 = Release|Any CPU
		{CCAB63DF-1914-432F-96AD-E9E1A5845CCD}.Debug|Any CPU.ActiveCfg = Debug|Any CPU
		{CCAB63DF-1914-432F-96AD-E9E1A5845CCD}.Debug|Any CPU.Build.0 = Debug|Any CPU
		{CCAB63DF-1914-432F-96AD-E9E1A5845CCD}.Debug|x64.ActiveCfg = Debug|Any CPU
		{CCAB63DF-1914-432F-96AD-E9E1A5845CCD}.Debug|x64.Build.0 = Debug|Any CPU
		{CCAB63DF-1914-432F-96AD-E9E1A5845CCD}.Debug|x86.ActiveCfg = Debug|Any CPU
		{CCAB63DF-1914-432F-96AD-E9E1A5845CCD}.Debug|x86.Build.0 = Debug|Any CPU
		{CCAB63DF-1914-432F-96AD-E9E1A5845CCD}.Release|Any CPU.ActiveCfg = Release|Any CPU
		{CCAB63DF-1914-432F-96AD-E9E1A5845CCD}.Release|Any CPU.Build.0 = Release|Any CPU
		{CCAB63DF-1914-432F-96AD-E9E1A5845CCD}.Release|x64.ActiveCfg = Release|Any CPU
		{CCAB63DF-1914-432F-96AD-E9E1A5845CCD}.Release|x64.Build.0 = Release|Any CPU
		{CCAB63DF-1914-432F-96AD-E9E1A5845CCD}.Release|x86.ActiveCfg = Release|Any CPU
		{CCAB63DF-1914-432F-96AD-E9E1A5845CCD}.Release|x86.Build.0 = Release|Any CPU
		{001B3E4E-48DE-42FC-AFD6-B82D416A1A8E}.Debug|Any CPU.ActiveCfg = Debug|Any CPU
		{001B3E4E-48DE-42FC-AFD6-B82D416A1A8E}.Debug|Any CPU.Build.0 = Debug|Any CPU
		{001B3E4E-48DE-42FC-AFD6-B82D416A1A8E}.Debug|x64.ActiveCfg = Debug|Any CPU
		{001B3E4E-48DE-42FC-AFD6-B82D416A1A8E}.Debug|x64.Build.0 = Debug|Any CPU
		{001B3E4E-48DE-42FC-AFD6-B82D416A1A8E}.Debug|x86.ActiveCfg = Debug|Any CPU
		{001B3E4E-48DE-42FC-AFD6-B82D416A1A8E}.Debug|x86.Build.0 = Debug|Any CPU
		{001B3E4E-48DE-42FC-AFD6-B82D416A1A8E}.Release|Any CPU.ActiveCfg = Release|Any CPU
		{001B3E4E-48DE-42FC-AFD6-B82D416A1A8E}.Release|Any CPU.Build.0 = Release|Any CPU
		{001B3E4E-48DE-42FC-AFD6-B82D416A1A8E}.Release|x64.ActiveCfg = Release|Any CPU
		{001B3E4E-48DE-42FC-AFD6-B82D416A1A8E}.Release|x64.Build.0 = Release|Any CPU
		{001B3E4E-48DE-42FC-AFD6-B82D416A1A8E}.Release|x86.ActiveCfg = Release|Any CPU
		{001B3E4E-48DE-42FC-AFD6-B82D416A1A8E}.Release|x86.Build.0 = Release|Any CPU
		{3B33158E-14DB-4BD4-A270-6414FD938EFE}.Debug|Any CPU.ActiveCfg = Debug|Any CPU
		{3B33158E-14DB-4BD4-A270-6414FD938EFE}.Debug|Any CPU.Build.0 = Debug|Any CPU
		{3B33158E-14DB-4BD4-A270-6414FD938EFE}.Debug|x64.ActiveCfg = Debug|Any CPU
		{3B33158E-14DB-4BD4-A270-6414FD938EFE}.Debug|x64.Build.0 = Debug|Any CPU
		{3B33158E-14DB-4BD4-A270-6414FD938EFE}.Debug|x86.ActiveCfg = Debug|Any CPU
		{3B33158E-14DB-4BD4-A270-6414FD938EFE}.Debug|x86.Build.0 = Debug|Any CPU
		{3B33158E-14DB-4BD4-A270-6414FD938EFE}.Release|Any CPU.ActiveCfg = Release|Any CPU
		{3B33158E-14DB-4BD4-A270-6414FD938EFE}.Release|Any CPU.Build.0 = Release|Any CPU
		{3B33158E-14DB-4BD4-A270-6414FD938EFE}.Release|x64.ActiveCfg = Release|Any CPU
		{3B33158E-14DB-4BD4-A270-6414FD938EFE}.Release|x64.Build.0 = Release|Any CPU
		{3B33158E-14DB-4BD4-A270-6414FD938EFE}.Release|x86.ActiveCfg = Release|Any CPU
		{3B33158E-14DB-4BD4-A270-6414FD938EFE}.Release|x86.Build.0 = Release|Any CPU
		{9E0F3645-573D-4097-BEF9-762DBADEBA9F}.Debug|Any CPU.ActiveCfg = Debug|Any CPU
		{9E0F3645-573D-4097-BEF9-762DBADEBA9F}.Debug|Any CPU.Build.0 = Debug|Any CPU
		{9E0F3645-573D-4097-BEF9-762DBADEBA9F}.Debug|x64.ActiveCfg = Debug|Any CPU
		{9E0F3645-573D-4097-BEF9-762DBADEBA9F}.Debug|x64.Build.0 = Debug|Any CPU
		{9E0F3645-573D-4097-BEF9-762DBADEBA9F}.Debug|x86.ActiveCfg = Debug|Any CPU
		{9E0F3645-573D-4097-BEF9-762DBADEBA9F}.Debug|x86.Build.0 = Debug|Any CPU
		{9E0F3645-573D-4097-BEF9-762DBADEBA9F}.Release|Any CPU.ActiveCfg = Release|Any CPU
		{9E0F3645-573D-4097-BEF9-762DBADEBA9F}.Release|Any CPU.Build.0 = Release|Any CPU
		{9E0F3645-573D-4097-BEF9-762DBADEBA9F}.Release|x64.ActiveCfg = Release|Any CPU
		{9E0F3645-573D-4097-BEF9-762DBADEBA9F}.Release|x64.Build.0 = Release|Any CPU
		{9E0F3645-573D-4097-BEF9-762DBADEBA9F}.Release|x86.ActiveCfg = Release|Any CPU
		{9E0F3645-573D-4097-BEF9-762DBADEBA9F}.Release|x86.Build.0 = Release|Any CPU
		{B2F824FA-2B5B-48D9-BF98-AFAE767E02D5}.Debug|Any CPU.ActiveCfg = Debug|Any CPU
		{B2F824FA-2B5B-48D9-BF98-AFAE767E02D5}.Debug|Any CPU.Build.0 = Debug|Any CPU
		{B2F824FA-2B5B-48D9-BF98-AFAE767E02D5}.Debug|x64.ActiveCfg = Debug|Any CPU
		{B2F824FA-2B5B-48D9-BF98-AFAE767E02D5}.Debug|x64.Build.0 = Debug|Any CPU
		{B2F824FA-2B5B-48D9-BF98-AFAE767E02D5}.Debug|x86.ActiveCfg = Debug|Any CPU
		{B2F824FA-2B5B-48D9-BF98-AFAE767E02D5}.Debug|x86.Build.0 = Debug|Any CPU
		{B2F824FA-2B5B-48D9-BF98-AFAE767E02D5}.Release|Any CPU.ActiveCfg = Release|Any CPU
		{B2F824FA-2B5B-48D9-BF98-AFAE767E02D5}.Release|Any CPU.Build.0 = Release|Any CPU
		{B2F824FA-2B5B-48D9-BF98-AFAE767E02D5}.Release|x64.ActiveCfg = Release|Any CPU
		{B2F824FA-2B5B-48D9-BF98-AFAE767E02D5}.Release|x64.Build.0 = Release|Any CPU
		{B2F824FA-2B5B-48D9-BF98-AFAE767E02D5}.Release|x86.ActiveCfg = Release|Any CPU
		{B2F824FA-2B5B-48D9-BF98-AFAE767E02D5}.Release|x86.Build.0 = Release|Any CPU
		{D82707FB-D127-4564-9104-96A66B931297}.Debug|Any CPU.ActiveCfg = Debug|Any CPU
		{D82707FB-D127-4564-9104-96A66B931297}.Debug|Any CPU.Build.0 = Debug|Any CPU
		{D82707FB-D127-4564-9104-96A66B931297}.Debug|x64.ActiveCfg = Debug|Any CPU
		{D82707FB-D127-4564-9104-96A66B931297}.Debug|x64.Build.0 = Debug|Any CPU
		{D82707FB-D127-4564-9104-96A66B931297}.Debug|x86.ActiveCfg = Debug|Any CPU
		{D82707FB-D127-4564-9104-96A66B931297}.Debug|x86.Build.0 = Debug|Any CPU
		{D82707FB-D127-4564-9104-96A66B931297}.Release|Any CPU.ActiveCfg = Release|Any CPU
		{D82707FB-D127-4564-9104-96A66B931297}.Release|Any CPU.Build.0 = Release|Any CPU
		{D82707FB-D127-4564-9104-96A66B931297}.Release|x64.ActiveCfg = Release|Any CPU
		{D82707FB-D127-4564-9104-96A66B931297}.Release|x64.Build.0 = Release|Any CPU
		{D82707FB-D127-4564-9104-96A66B931297}.Release|x86.ActiveCfg = Release|Any CPU
		{D82707FB-D127-4564-9104-96A66B931297}.Release|x86.Build.0 = Release|Any CPU
		{92AF3DF1-CC01-4101-8AF9-3584CF85D9B1}.Debug|Any CPU.ActiveCfg = Debug|Any CPU
		{92AF3DF1-CC01-4101-8AF9-3584CF85D9B1}.Debug|Any CPU.Build.0 = Debug|Any CPU
		{92AF3DF1-CC01-4101-8AF9-3584CF85D9B1}.Debug|x64.ActiveCfg = Debug|Any CPU
		{92AF3DF1-CC01-4101-8AF9-3584CF85D9B1}.Debug|x64.Build.0 = Debug|Any CPU
		{92AF3DF1-CC01-4101-8AF9-3584CF85D9B1}.Debug|x86.ActiveCfg = Debug|Any CPU
		{92AF3DF1-CC01-4101-8AF9-3584CF85D9B1}.Debug|x86.Build.0 = Debug|Any CPU
		{92AF3DF1-CC01-4101-8AF9-3584CF85D9B1}.Release|Any CPU.ActiveCfg = Release|Any CPU
		{92AF3DF1-CC01-4101-8AF9-3584CF85D9B1}.Release|Any CPU.Build.0 = Release|Any CPU
		{92AF3DF1-CC01-4101-8AF9-3584CF85D9B1}.Release|x64.ActiveCfg = Release|Any CPU
		{92AF3DF1-CC01-4101-8AF9-3584CF85D9B1}.Release|x64.Build.0 = Release|Any CPU
		{92AF3DF1-CC01-4101-8AF9-3584CF85D9B1}.Release|x86.ActiveCfg = Release|Any CPU
		{92AF3DF1-CC01-4101-8AF9-3584CF85D9B1}.Release|x86.Build.0 = Release|Any CPU
		{8D7F89CF-BC4A-491F-8615-B6A0A19D25C2}.Debug|Any CPU.ActiveCfg = Debug|Any CPU
		{8D7F89CF-BC4A-491F-8615-B6A0A19D25C2}.Debug|Any CPU.Build.0 = Debug|Any CPU
		{8D7F89CF-BC4A-491F-8615-B6A0A19D25C2}.Debug|x64.ActiveCfg = Debug|Any CPU
		{8D7F89CF-BC4A-491F-8615-B6A0A19D25C2}.Debug|x64.Build.0 = Debug|Any CPU
		{8D7F89CF-BC4A-491F-8615-B6A0A19D25C2}.Debug|x86.ActiveCfg = Debug|Any CPU
		{8D7F89CF-BC4A-491F-8615-B6A0A19D25C2}.Debug|x86.Build.0 = Debug|Any CPU
		{8D7F89CF-BC4A-491F-8615-B6A0A19D25C2}.Release|Any CPU.ActiveCfg = Release|Any CPU
		{8D7F89CF-BC4A-491F-8615-B6A0A19D25C2}.Release|Any CPU.Build.0 = Release|Any CPU
		{8D7F89CF-BC4A-491F-8615-B6A0A19D25C2}.Release|x64.ActiveCfg = Release|Any CPU
		{8D7F89CF-BC4A-491F-8615-B6A0A19D25C2}.Release|x64.Build.0 = Release|Any CPU
		{8D7F89CF-BC4A-491F-8615-B6A0A19D25C2}.Release|x86.ActiveCfg = Release|Any CPU
		{8D7F89CF-BC4A-491F-8615-B6A0A19D25C2}.Release|x86.Build.0 = Release|Any CPU
		{BAAED94D-2124-4933-8C9F-D49829E3006A}.Debug|Any CPU.ActiveCfg = Debug|Any CPU
		{BAAED94D-2124-4933-8C9F-D49829E3006A}.Debug|Any CPU.Build.0 = Debug|Any CPU
		{BAAED94D-2124-4933-8C9F-D49829E3006A}.Debug|x64.ActiveCfg = Debug|Any CPU
		{BAAED94D-2124-4933-8C9F-D49829E3006A}.Debug|x64.Build.0 = Debug|Any CPU
		{BAAED94D-2124-4933-8C9F-D49829E3006A}.Debug|x86.ActiveCfg = Debug|Any CPU
		{BAAED94D-2124-4933-8C9F-D49829E3006A}.Debug|x86.Build.0 = Debug|Any CPU
		{BAAED94D-2124-4933-8C9F-D49829E3006A}.Release|Any CPU.ActiveCfg = Release|Any CPU
		{BAAED94D-2124-4933-8C9F-D49829E3006A}.Release|Any CPU.Build.0 = Release|Any CPU
		{BAAED94D-2124-4933-8C9F-D49829E3006A}.Release|x64.ActiveCfg = Release|Any CPU
		{BAAED94D-2124-4933-8C9F-D49829E3006A}.Release|x64.Build.0 = Release|Any CPU
		{BAAED94D-2124-4933-8C9F-D49829E3006A}.Release|x86.ActiveCfg = Release|Any CPU
		{BAAED94D-2124-4933-8C9F-D49829E3006A}.Release|x86.Build.0 = Release|Any CPU
		{AEA47BD7-004D-411C-B90A-E8A87E26BB78}.Debug|Any CPU.ActiveCfg = Debug|Any CPU
		{AEA47BD7-004D-411C-B90A-E8A87E26BB78}.Debug|Any CPU.Build.0 = Debug|Any CPU
		{AEA47BD7-004D-411C-B90A-E8A87E26BB78}.Debug|x64.ActiveCfg = Debug|Any CPU
		{AEA47BD7-004D-411C-B90A-E8A87E26BB78}.Debug|x64.Build.0 = Debug|Any CPU
		{AEA47BD7-004D-411C-B90A-E8A87E26BB78}.Debug|x86.ActiveCfg = Debug|Any CPU
		{AEA47BD7-004D-411C-B90A-E8A87E26BB78}.Debug|x86.Build.0 = Debug|Any CPU
		{AEA47BD7-004D-411C-B90A-E8A87E26BB78}.Release|Any CPU.ActiveCfg = Release|Any CPU
		{AEA47BD7-004D-411C-B90A-E8A87E26BB78}.Release|Any CPU.Build.0 = Release|Any CPU
		{AEA47BD7-004D-411C-B90A-E8A87E26BB78}.Release|x64.ActiveCfg = Release|Any CPU
		{AEA47BD7-004D-411C-B90A-E8A87E26BB78}.Release|x64.Build.0 = Release|Any CPU
		{AEA47BD7-004D-411C-B90A-E8A87E26BB78}.Release|x86.ActiveCfg = Release|Any CPU
		{AEA47BD7-004D-411C-B90A-E8A87E26BB78}.Release|x86.Build.0 = Release|Any CPU
		{D1AAA5DF-CC83-4B83-AE6A-732F42E2DE99}.Debug|Any CPU.ActiveCfg = Debug|Any CPU
		{D1AAA5DF-CC83-4B83-AE6A-732F42E2DE99}.Debug|Any CPU.Build.0 = Debug|Any CPU
		{D1AAA5DF-CC83-4B83-AE6A-732F42E2DE99}.Debug|x64.ActiveCfg = Debug|Any CPU
		{D1AAA5DF-CC83-4B83-AE6A-732F42E2DE99}.Debug|x64.Build.0 = Debug|Any CPU
		{D1AAA5DF-CC83-4B83-AE6A-732F42E2DE99}.Debug|x86.ActiveCfg = Debug|Any CPU
		{D1AAA5DF-CC83-4B83-AE6A-732F42E2DE99}.Debug|x86.Build.0 = Debug|Any CPU
		{D1AAA5DF-CC83-4B83-AE6A-732F42E2DE99}.Release|Any CPU.ActiveCfg = Release|Any CPU
		{D1AAA5DF-CC83-4B83-AE6A-732F42E2DE99}.Release|Any CPU.Build.0 = Release|Any CPU
		{D1AAA5DF-CC83-4B83-AE6A-732F42E2DE99}.Release|x64.ActiveCfg = Release|Any CPU
		{D1AAA5DF-CC83-4B83-AE6A-732F42E2DE99}.Release|x64.Build.0 = Release|Any CPU
		{D1AAA5DF-CC83-4B83-AE6A-732F42E2DE99}.Release|x86.ActiveCfg = Release|Any CPU
		{D1AAA5DF-CC83-4B83-AE6A-732F42E2DE99}.Release|x86.Build.0 = Release|Any CPU
		{C453A2D2-511E-4D97-B3B8-2E72F9B8563A}.Debug|Any CPU.ActiveCfg = Debug|Any CPU
		{C453A2D2-511E-4D97-B3B8-2E72F9B8563A}.Debug|Any CPU.Build.0 = Debug|Any CPU
		{C453A2D2-511E-4D97-B3B8-2E72F9B8563A}.Debug|x64.ActiveCfg = Debug|Any CPU
		{C453A2D2-511E-4D97-B3B8-2E72F9B8563A}.Debug|x64.Build.0 = Debug|Any CPU
		{C453A2D2-511E-4D97-B3B8-2E72F9B8563A}.Debug|x86.ActiveCfg = Debug|Any CPU
		{C453A2D2-511E-4D97-B3B8-2E72F9B8563A}.Debug|x86.Build.0 = Debug|Any CPU
		{C453A2D2-511E-4D97-B3B8-2E72F9B8563A}.Release|Any CPU.ActiveCfg = Release|Any CPU
		{C453A2D2-511E-4D97-B3B8-2E72F9B8563A}.Release|Any CPU.Build.0 = Release|Any CPU
		{C453A2D2-511E-4D97-B3B8-2E72F9B8563A}.Release|x64.ActiveCfg = Release|Any CPU
		{C453A2D2-511E-4D97-B3B8-2E72F9B8563A}.Release|x64.Build.0 = Release|Any CPU
		{C453A2D2-511E-4D97-B3B8-2E72F9B8563A}.Release|x86.ActiveCfg = Release|Any CPU
		{C453A2D2-511E-4D97-B3B8-2E72F9B8563A}.Release|x86.Build.0 = Release|Any CPU
		{875B69A8-D677-40C0-878F-B92A79592DFD}.Debug|Any CPU.ActiveCfg = Debug|Any CPU
		{875B69A8-D677-40C0-878F-B92A79592DFD}.Debug|Any CPU.Build.0 = Debug|Any CPU
		{875B69A8-D677-40C0-878F-B92A79592DFD}.Debug|x64.ActiveCfg = Debug|Any CPU
		{875B69A8-D677-40C0-878F-B92A79592DFD}.Debug|x64.Build.0 = Debug|Any CPU
		{875B69A8-D677-40C0-878F-B92A79592DFD}.Debug|x86.ActiveCfg = Debug|Any CPU
		{875B69A8-D677-40C0-878F-B92A79592DFD}.Debug|x86.Build.0 = Debug|Any CPU
		{875B69A8-D677-40C0-878F-B92A79592DFD}.Release|Any CPU.ActiveCfg = Release|Any CPU
		{875B69A8-D677-40C0-878F-B92A79592DFD}.Release|Any CPU.Build.0 = Release|Any CPU
		{875B69A8-D677-40C0-878F-B92A79592DFD}.Release|x64.ActiveCfg = Release|Any CPU
		{875B69A8-D677-40C0-878F-B92A79592DFD}.Release|x64.Build.0 = Release|Any CPU
		{875B69A8-D677-40C0-878F-B92A79592DFD}.Release|x86.ActiveCfg = Release|Any CPU
		{875B69A8-D677-40C0-878F-B92A79592DFD}.Release|x86.Build.0 = Release|Any CPU
		{06F3B375-1670-4FBA-8DD6-549AB5D7B0FF}.Debug|Any CPU.ActiveCfg = Debug|Any CPU
		{06F3B375-1670-4FBA-8DD6-549AB5D7B0FF}.Debug|Any CPU.Build.0 = Debug|Any CPU
		{06F3B375-1670-4FBA-8DD6-549AB5D7B0FF}.Debug|x64.ActiveCfg = Debug|Any CPU
		{06F3B375-1670-4FBA-8DD6-549AB5D7B0FF}.Debug|x64.Build.0 = Debug|Any CPU
		{06F3B375-1670-4FBA-8DD6-549AB5D7B0FF}.Debug|x86.ActiveCfg = Debug|Any CPU
		{06F3B375-1670-4FBA-8DD6-549AB5D7B0FF}.Debug|x86.Build.0 = Debug|Any CPU
		{06F3B375-1670-4FBA-8DD6-549AB5D7B0FF}.Release|Any CPU.ActiveCfg = Release|Any CPU
		{06F3B375-1670-4FBA-8DD6-549AB5D7B0FF}.Release|Any CPU.Build.0 = Release|Any CPU
		{06F3B375-1670-4FBA-8DD6-549AB5D7B0FF}.Release|x64.ActiveCfg = Release|Any CPU
		{06F3B375-1670-4FBA-8DD6-549AB5D7B0FF}.Release|x64.Build.0 = Release|Any CPU
		{06F3B375-1670-4FBA-8DD6-549AB5D7B0FF}.Release|x86.ActiveCfg = Release|Any CPU
		{06F3B375-1670-4FBA-8DD6-549AB5D7B0FF}.Release|x86.Build.0 = Release|Any CPU
		{1C4A60E0-BD9A-495B-A76B-58FE462637F5}.Debug|Any CPU.ActiveCfg = Debug|Any CPU
		{1C4A60E0-BD9A-495B-A76B-58FE462637F5}.Debug|Any CPU.Build.0 = Debug|Any CPU
		{1C4A60E0-BD9A-495B-A76B-58FE462637F5}.Debug|x64.ActiveCfg = Debug|Any CPU
		{1C4A60E0-BD9A-495B-A76B-58FE462637F5}.Debug|x64.Build.0 = Debug|Any CPU
		{1C4A60E0-BD9A-495B-A76B-58FE462637F5}.Debug|x86.ActiveCfg = Debug|Any CPU
		{1C4A60E0-BD9A-495B-A76B-58FE462637F5}.Debug|x86.Build.0 = Debug|Any CPU
		{1C4A60E0-BD9A-495B-A76B-58FE462637F5}.Release|Any CPU.ActiveCfg = Release|Any CPU
		{1C4A60E0-BD9A-495B-A76B-58FE462637F5}.Release|Any CPU.Build.0 = Release|Any CPU
		{1C4A60E0-BD9A-495B-A76B-58FE462637F5}.Release|x64.ActiveCfg = Release|Any CPU
		{1C4A60E0-BD9A-495B-A76B-58FE462637F5}.Release|x64.Build.0 = Release|Any CPU
		{1C4A60E0-BD9A-495B-A76B-58FE462637F5}.Release|x86.ActiveCfg = Release|Any CPU
		{1C4A60E0-BD9A-495B-A76B-58FE462637F5}.Release|x86.Build.0 = Release|Any CPU
		{3E1011C8-5ECF-4CB4-BB25-930E92E199CE}.Debug|Any CPU.ActiveCfg = Debug|Any CPU
		{3E1011C8-5ECF-4CB4-BB25-930E92E199CE}.Debug|Any CPU.Build.0 = Debug|Any CPU
		{3E1011C8-5ECF-4CB4-BB25-930E92E199CE}.Debug|x64.ActiveCfg = Debug|Any CPU
		{3E1011C8-5ECF-4CB4-BB25-930E92E199CE}.Debug|x64.Build.0 = Debug|Any CPU
		{3E1011C8-5ECF-4CB4-BB25-930E92E199CE}.Debug|x86.ActiveCfg = Debug|Any CPU
		{3E1011C8-5ECF-4CB4-BB25-930E92E199CE}.Debug|x86.Build.0 = Debug|Any CPU
		{3E1011C8-5ECF-4CB4-BB25-930E92E199CE}.Release|Any CPU.ActiveCfg = Release|Any CPU
		{3E1011C8-5ECF-4CB4-BB25-930E92E199CE}.Release|Any CPU.Build.0 = Release|Any CPU
		{3E1011C8-5ECF-4CB4-BB25-930E92E199CE}.Release|x64.ActiveCfg = Release|Any CPU
		{3E1011C8-5ECF-4CB4-BB25-930E92E199CE}.Release|x64.Build.0 = Release|Any CPU
		{3E1011C8-5ECF-4CB4-BB25-930E92E199CE}.Release|x86.ActiveCfg = Release|Any CPU
		{3E1011C8-5ECF-4CB4-BB25-930E92E199CE}.Release|x86.Build.0 = Release|Any CPU
		{5353C077-42E3-4E23-8D15-09B0658BCEC4}.Debug|Any CPU.ActiveCfg = Debug|Any CPU
		{5353C077-42E3-4E23-8D15-09B0658BCEC4}.Debug|Any CPU.Build.0 = Debug|Any CPU
		{5353C077-42E3-4E23-8D15-09B0658BCEC4}.Debug|x64.ActiveCfg = Debug|Any CPU
		{5353C077-42E3-4E23-8D15-09B0658BCEC4}.Debug|x64.Build.0 = Debug|Any CPU
		{5353C077-42E3-4E23-8D15-09B0658BCEC4}.Debug|x86.ActiveCfg = Debug|Any CPU
		{5353C077-42E3-4E23-8D15-09B0658BCEC4}.Debug|x86.Build.0 = Debug|Any CPU
		{5353C077-42E3-4E23-8D15-09B0658BCEC4}.Release|Any CPU.ActiveCfg = Release|Any CPU
		{5353C077-42E3-4E23-8D15-09B0658BCEC4}.Release|Any CPU.Build.0 = Release|Any CPU
		{5353C077-42E3-4E23-8D15-09B0658BCEC4}.Release|x64.ActiveCfg = Release|Any CPU
		{5353C077-42E3-4E23-8D15-09B0658BCEC4}.Release|x64.Build.0 = Release|Any CPU
		{5353C077-42E3-4E23-8D15-09B0658BCEC4}.Release|x86.ActiveCfg = Release|Any CPU
		{5353C077-42E3-4E23-8D15-09B0658BCEC4}.Release|x86.Build.0 = Release|Any CPU
		{B3ABF251-DA02-414D-8B01-153C84D28A60}.Debug|Any CPU.ActiveCfg = Debug|Any CPU
		{B3ABF251-DA02-414D-8B01-153C84D28A60}.Debug|Any CPU.Build.0 = Debug|Any CPU
		{B3ABF251-DA02-414D-8B01-153C84D28A60}.Debug|x64.ActiveCfg = Debug|Any CPU
		{B3ABF251-DA02-414D-8B01-153C84D28A60}.Debug|x64.Build.0 = Debug|Any CPU
		{B3ABF251-DA02-414D-8B01-153C84D28A60}.Debug|x86.ActiveCfg = Debug|Any CPU
		{B3ABF251-DA02-414D-8B01-153C84D28A60}.Debug|x86.Build.0 = Debug|Any CPU
		{B3ABF251-DA02-414D-8B01-153C84D28A60}.Release|Any CPU.ActiveCfg = Release|Any CPU
		{B3ABF251-DA02-414D-8B01-153C84D28A60}.Release|Any CPU.Build.0 = Release|Any CPU
		{B3ABF251-DA02-414D-8B01-153C84D28A60}.Release|x64.ActiveCfg = Release|Any CPU
		{B3ABF251-DA02-414D-8B01-153C84D28A60}.Release|x64.Build.0 = Release|Any CPU
		{B3ABF251-DA02-414D-8B01-153C84D28A60}.Release|x86.ActiveCfg = Release|Any CPU
		{B3ABF251-DA02-414D-8B01-153C84D28A60}.Release|x86.Build.0 = Release|Any CPU
	EndGlobalSection
	GlobalSection(SolutionProperties) = preSolution
		HideSolutionNode = FALSE
	EndGlobalSection
EndGlobal
